
Microsoft Visual Studio Solution File, Format Version 12.00
# Visual Studio Version 17
VisualStudioVersion = 17.3.32825.248
MinimumVisualStudioVersion = 10.0.40219.1
Project("{9A19103F-16F7-4668-BE54-9A1E7A4F7556}") = "LabServiceAPI", "LabServiceAPI.csproj", "{1CFC28DF-8281-4174-8BFD-9DFF02A37E16}"
EndProject
Global
	GlobalSection(SolutionConfigurationPlatforms) = preSolution
		Debug|Any CPU = Debug|Any CPU
		Release|Any CPU = Release|Any CPU
	EndGlobalSection
	GlobalSection(ProjectConfigurationPlatforms) = postSolution
		{1CFC28DF-8281-4174-8BFD-9DFF02A37E16}.Debug|Any CPU.ActiveCfg = Debug|Any CPU
		{1CFC28DF-8281-4174-8BFD-9DFF02A37E16}.Debug|Any CPU.Build.0 = Debug|Any CPU
		{1CFC28DF-8281-4174-8BFD-9DFF02A37E16}.Release|Any CPU.ActiveCfg = Release|Any CPU
		{1CFC28DF-8281-4174-8BFD-9DFF02A37E16}.Release|Any CPU.Build.0 = Release|Any CPU
	EndGlobalSection
	GlobalSection(SolutionProperties) = preSolution
		HideSolutionNode = FALSE
	EndGlobalSection
	GlobalSection(ExtensibilityGlobals) = postSolution
		SolutionGuid = {4A06B3AE-7874-4788-9F33-016B75B0D0B7}
	EndGlobalSection
EndGlobal
